# This file is automatically @generated by Cargo.
# It is not intended for manual editing.
version = 4

[[package]]
name = "pretty-hex"
version = "0.4.2"
source = "registry+https://github.com/rust-lang/crates.io-index"
checksum = "9a65843dfefbafd3c879c683306959a6de478443ffe9c9adf02f5976432402d7"

[[package]]
name = "storage-engine"
version = "0.1.0"
dependencies = [
 "pretty-hex",
]
